
Microsoft Visual Studio Solution File, Format Version 12.00
# Visual Studio Version 17
VisualStudioVersion = 17.3.32819.101
MinimumVisualStudioVersion = 10.0.40219.1
Project("{FAE04EC0-301F-11D3-BF4B-00C04F79EFBC}") = "Student_Success_App", "Student_Success_App\Student_Success_App.csproj", "{AB837CD1-7C3B-431A-A5AE-2D365E7C50F4}"
EndProject
Global
	GlobalSection(SolutionConfigurationPlatforms) = preSolution
		Debug|Any CPU = Debug|Any CPU
		Release|Any CPU = Release|Any CPU
	EndGlobalSection
	GlobalSection(ProjectConfigurationPlatforms) = postSolution
		{AB837CD1-7C3B-431A-A5AE-2D365E7C50F4}.Debug|Any CPU.ActiveCfg = Debug|Any CPU
		{AB837CD1-7C3B-431A-A5AE-2D365E7C50F4}.Debug|Any CPU.Build.0 = Debug|Any CPU
		{AB837CD1-7C3B-431A-A5AE-2D365E7C50F4}.Release|Any CPU.ActiveCfg = Release|Any CPU
		{AB837CD1-7C3B-431A-A5AE-2D365E7C50F4}.Release|Any CPU.Build.0 = Release|Any CPU
	EndGlobalSection
	GlobalSection(SolutionProperties) = preSolution
		HideSolutionNode = FALSE
	EndGlobalSection
	GlobalSection(ExtensibilityGlobals) = postSolution
		SolutionGuid = {9C6EBC67-479B-4A40-A988-5892BB67E500}
	EndGlobalSection
EndGlobal
